
Microsoft Visual Studio Solution File, Format Version 12.00
# Visual Studio 15
VisualStudioVersion = 15.0.28307.106
MinimumVisualStudioVersion = 10.0.40219.1
Project("{FAE04EC0-301F-11D3-BF4B-00C04F79EFBC}") = "ProbaStats", "..\ProbaStats\ProbaStats.csproj", "{0322B82F-D202-4783-BA1E-5E73889D1304}"
EndProject
Global
	GlobalSection(SolutionConfigurationPlatforms) = preSolution
		Debug|Any CPU = Debug|Any CPU
		Release|Any CPU = Release|Any CPU
	EndGlobalSection
	GlobalSection(ProjectConfigurationPlatforms) = postSolution
		{0322B82F-D202-4783-BA1E-5E73889D1304}.Debug|Any CPU.ActiveCfg = Debug|Any CPU
		{0322B82F-D202-4783-BA1E-5E73889D1304}.Debug|Any CPU.Build.0 = Debug|Any CPU
		{0322B82F-D202-4783-BA1E-5E73889D1304}.Release|Any CPU.ActiveCfg = Release|Any CPU
		{0322B82F-D202-4783-BA1E-5E73889D1304}.Release|Any CPU.Build.0 = Release|Any CPU
	EndGlobalSection
	GlobalSection(SolutionProperties) = preSolution
		HideSolutionNode = FALSE
	EndGlobalSection
	GlobalSection(ExtensibilityGlobals) = postSolution
		SolutionGuid = {B56A3781-2D78-4C88-9F39-01157A3033FB}
	EndGlobalSection
EndGlobal
